GEM
  remote: https://rubygems.org/
  specs:
    ast (2.4.1)
    domain_name (0.5.20190701)
      unf (>= 0.0.5, < 1.0.0)
    http-accept (1.7.0)
    http-cookie (1.0.3)
      domain_name (~> 0.5)
    mime-types (3.3.1)
      mime-types-data (~> 3.2015)
    mime-types-data (3.2020.1104)
    minitest (5.14.2)
    netrc (0.11.0)
    parallel (1.20.1)
    parser (3.0.0.0)
      ast (~> 2.4.1)
    rainbow (3.0.0)
    rake (13.0.3)
    regexp_parser (1.8.1)
    rest-client (2.1.0)
      http-accept (>= 1.7.0, < 2.0)
      http-cookie (>= 1.0.2, < 2.0)
      mime-types (>= 1.16, < 4.0)
      netrc (~> 0.8)
    rexml (3.2.3)
    rubocop (1.8.1)
      parallel (~> 1.10)
      parser (>= 3.0.0.0)
      rainbow (>= 2.2.2, < 4.0)
      regexp_parser (>= 1.8, < 3.0)
      rexml
      rubocop-ast (>= 1.2.0, < 2.0)
      ruby-progressbar (~> 1.7)
      unicode-display_width (>= 1.4.0, < 3.0)
    rubocop-ast (1.4.0)
      parser (>= 2.7.1.5)
    ruby-progressbar (1.11.0)
    sorbet (0.5.6198)
      sorbet-static (= 0.5.6198)
    sorbet-runtime (0.5.6198)
    sorbet-static (0.5.6198-universal-darwin-19)
    unf (0.1.4)
      unf_ext
    unf_ext (0.0.7.7)
    unicode-display_width (1.7.0)

PLATFORMS
  ruby

DEPENDENCIES
  minitest
  rake
  rest-client
  rubocop
  sorbet
  sorbet-runtime

BUNDLED WITH
   2.1.4
